
Microsoft Visual Studio Solution File, Format Version 12.00
# Visual Studio 15
VisualStudioVersion = 15.0.28010.2041
MinimumVisualStudioVersion = 10.0.40219.1
Project("{FAE04EC0-301F-11D3-BF4B-00C04F79EFBC}") = "DemoApp", "DemoApp\DemoApp.csproj", "{B1B8F6AD-E035-4B39-84D2-B87160A81F06}"
EndProject
Project("{FAE04EC0-301F-11D3-BF4B-00C04F79EFBC}") = "DemoApp.Tests", "DemoApp.Tests\DemoApp.Tests.csproj", "{72F30A4F-8133-4E5D-978D-ED850662A40E}"
EndProject
Global
	GlobalSection(SolutionConfigurationPlatforms) = preSolution
		Debug|Any CPU = Debug|Any CPU
		Release|Any CPU = Release|Any CPU
	EndGlobalSection
	GlobalSection(ProjectConfigurationPlatforms) = postSolution
		{B1B8F6AD-E035-4B39-84D2-B87160A81F06}.Debug|Any CPU.ActiveCfg = Debug|Any CPU
		{B1B8F6AD-E035-4B39-84D2-B87160A81F06}.Debug|Any CPU.Build.0 = Debug|Any CPU
		{B1B8F6AD-E035-4B39-84D2-B87160A81F06}.Release|Any CPU.ActiveCfg = Release|Any CPU
		{B1B8F6AD-E035-4B39-84D2-B87160A81F06}.Release|Any CPU.Build.0 = Release|Any CPU
		{72F30A4F-8133-4E5D-978D-ED850662A40E}.Debug|Any CPU.ActiveCfg = Debug|Any CPU
		{72F30A4F-8133-4E5D-978D-ED850662A40E}.Debug|Any CPU.Build.0 = Debug|Any CPU
		{72F30A4F-8133-4E5D-978D-ED850662A40E}.Release|Any CPU.ActiveCfg = Release|Any CPU
		{72F30A4F-8133-4E5D-978D-ED850662A40E}.Release|Any CPU.Build.0 = Release|Any CPU
	EndGlobalSection
	GlobalSection(SolutionProperties) = preSolution
		HideSolutionNode = FALSE
	EndGlobalSection
	GlobalSection(ExtensibilityGlobals) = postSolution
		SolutionGuid = {EFFEDC4A-8646-4196-AA8A-14000E2158A9}
	EndGlobalSection
EndGlobal
