
Microsoft Visual Studio Solution File, Format Version 12.00
# Visual Studio 15
VisualStudioVersion = 15.0.28010.2041
MinimumVisualStudioVersion = 10.0.40219.1
Project("{FAE04EC0-301F-11D3-BF4B-00C04F79EFBC}") = "FeriChess", "FeriChess\FeriChess.csproj", "{4949806B-A617-48AB-AD4D-0423D6191427}"
EndProject
Project("{FAE04EC0-301F-11D3-BF4B-00C04F79EFBC}") = "FeriChess.Tests", "FeriChess.Tests\FeriChess.Tests.csproj", "{15AC36EF-6D3B-42CA-9D7F-815C5AA27606}"
EndProject
Project("{FAE04EC0-301F-11D3-BF4B-00C04F79EFBC}") = "Chess logic testing", "Chess logic testing\Chess logic testing.csproj", "{D015819A-59A9-4AF9-B079-9149D096E79F}"
EndProject
Global
	GlobalSection(SolutionConfigurationPlatforms) = preSolution
		Debug|Any CPU = Debug|Any CPU
		Release|Any CPU = Release|Any CPU
	EndGlobalSection
	GlobalSection(ProjectConfigurationPlatforms) = postSolution
		{4949806B-A617-48AB-AD4D-0423D6191427}.Debug|Any CPU.ActiveCfg = Debug|Any CPU
		{4949806B-A617-48AB-AD4D-0423D6191427}.Debug|Any CPU.Build.0 = Debug|Any CPU
		{4949806B-A617-48AB-AD4D-0423D6191427}.Release|Any CPU.ActiveCfg = Release|Any CPU
		{4949806B-A617-48AB-AD4D-0423D6191427}.Release|Any CPU.Build.0 = Release|Any CPU
		{15AC36EF-6D3B-42CA-9D7F-815C5AA27606}.Debug|Any CPU.ActiveCfg = Debug|Any CPU
		{15AC36EF-6D3B-42CA-9D7F-815C5AA27606}.Debug|Any CPU.Build.0 = Debug|Any CPU
		{15AC36EF-6D3B-42CA-9D7F-815C5AA27606}.Release|Any CPU.ActiveCfg = Release|Any CPU
		{15AC36EF-6D3B-42CA-9D7F-815C5AA27606}.Release|Any CPU.Build.0 = Release|Any CPU
		{D015819A-59A9-4AF9-B079-9149D096E79F}.Debug|Any CPU.ActiveCfg = Debug|Any CPU
		{D015819A-59A9-4AF9-B079-9149D096E79F}.Debug|Any CPU.Build.0 = Debug|Any CPU
		{D015819A-59A9-4AF9-B079-9149D096E79F}.Release|Any CPU.ActiveCfg = Release|Any CPU
		{D015819A-59A9-4AF9-B079-9149D096E79F}.Release|Any CPU.Build.0 = Release|Any CPU
	EndGlobalSection
	GlobalSection(SolutionProperties) = preSolution
		HideSolutionNode = FALSE
	EndGlobalSection
	GlobalSection(ExtensibilityGlobals) = postSolution
		SolutionGuid = {D87A2151-2674-4E34-BF78-521119ACD3F6}
	EndGlobalSection
EndGlobal
